// !$*UTF8*$!
{
	archiveVersion = 1;
	classes = {
	};
	objectVersion = 56;
	objects = {

/* Begin PBXBuildFile section */
		A10001 /* GhostlyApp.swift in Sources */ = {isa = PBXBuildFile; fileRef = B10001; };
		A10002 /* SSHHost.swift in Sources */ = {isa = PBXBuildFile; fileRef = B10002; };
		A10003 /* ConnectionStatus.swift in Sources */ = {isa = PBXBuildFile; fileRef = B10003; };
		A10004 /* Session.swift in Sources */ = {isa = PBXBuildFile; fileRef = B10004; };
		A10005 /* RemoteInfo.swift in Sources */ = {isa = PBXBuildFile; fileRef = B10005; };
		A10006 /* ConnectionManager.swift in Sources */ = {isa = PBXBuildFile; fileRef = B10006; };
		A10007 /* NetworkMonitor.swift in Sources */ = {isa = PBXBuildFile; fileRef = B10007; };
		A10008 /* MenuBarView.swift in Sources */ = {isa = PBXBuildFile; fileRef = B10008; };
		A10009 /* HostRowView.swift in Sources */ = {isa = PBXBuildFile; fileRef = B10009; };
		A10010 /* HostGroupView.swift in Sources */ = {isa = PBXBuildFile; fileRef = B10010; };
		A10011 /* SessionListView.swift in Sources */ = {isa = PBXBuildFile; fileRef = B10011; };
		A10012 /* SettingsView.swift in Sources */ = {isa = PBXBuildFile; fileRef = B10012; };
		A10013 /* SSHConfigParser.swift in Sources */ = {isa = PBXBuildFile; fileRef = B10013; };
		A10014 /* SSHService.swift in Sources */ = {isa = PBXBuildFile; fileRef = B10014; };
		A10015 /* SessionService.swift in Sources */ = {isa = PBXBuildFile; fileRef = B10015; };
		A10016 /* RemoteInfoService.swift in Sources */ = {isa = PBXBuildFile; fileRef = B10016; };
		A10017 /* GhosttyService.swift in Sources */ = {isa = PBXBuildFile; fileRef = B10017; };
		A10018 /* ShellCommand.swift in Sources */ = {isa = PBXBuildFile; fileRef = B10018; };
		A10019 /* BatteryMonitor.swift in Sources */ = {isa = PBXBuildFile; fileRef = B10019; };
		A10020 /* TerminalTypes.swift in Sources */ = {isa = PBXBuildFile; fileRef = B10021; };
		A10023 /* AppLog.swift in Sources */ = {isa = PBXBuildFile; fileRef = B10023; };
		A10024 /* ConsoleView.swift in Sources */ = {isa = PBXBuildFile; fileRef = B10024; };
		A10025 /* HostInfoView.swift in Sources */ = {isa = PBXBuildFile; fileRef = B10025; };
		A10022 /* Assets.xcassets in Resources */ = {isa = PBXBuildFile; fileRef = B10022; };
		A10030 /* main.swift in Sources */ = {isa = PBXBuildFile; fileRef = B10030; };
		A10031 /* IPCClient.swift in Sources */ = {isa = PBXBuildFile; fileRef = B10031; };
/* End PBXBuildFile section */

/* Begin PBXFileReference section */
		B10001 /* GhostlyApp.swift */ = {isa = PBXFileReference; lastKnownFileType = sourcecode.swift; path = GhostlyApp.swift; sourceTree = "<group>"; };
		B10002 /* SSHHost.swift */ = {isa = PBXFileReference; lastKnownFileType = sourcecode.swift; path = SSHHost.swift; sourceTree = "<group>"; };
		B10003 /* ConnectionStatus.swift */ = {isa = PBXFileReference; lastKnownFileType = sourcecode.swift; path = ConnectionStatus.swift; sourceTree = "<group>"; };
		B10004 /* Session.swift */ = {isa = PBXFileReference; lastKnownFileType = sourcecode.swift; path = Session.swift; sourceTree = "<group>"; };
		B10005 /* RemoteInfo.swift */ = {isa = PBXFileReference; lastKnownFileType = sourcecode.swift; path = RemoteInfo.swift; sourceTree = "<group>"; };
		B10006 /* ConnectionManager.swift */ = {isa = PBXFileReference; lastKnownFileType = sourcecode.swift; path = ConnectionManager.swift; sourceTree = "<group>"; };
		B10007 /* NetworkMonitor.swift */ = {isa = PBXFileReference; lastKnownFileType = sourcecode.swift; path = NetworkMonitor.swift; sourceTree = "<group>"; };
		B10008 /* MenuBarView.swift */ = {isa = PBXFileReference; lastKnownFileType = sourcecode.swift; path = MenuBarView.swift; sourceTree = "<group>"; };
		B10009 /* HostRowView.swift */ = {isa = PBXFileReference; lastKnownFileType = sourcecode.swift; path = HostRowView.swift; sourceTree = "<group>"; };
		B10010 /* HostGroupView.swift */ = {isa = PBXFileReference; lastKnownFileType = sourcecode.swift; path = HostGroupView.swift; sourceTree = "<group>"; };
		B10011 /* SessionListView.swift */ = {isa = PBXFileReference; lastKnownFileType = sourcecode.swift; path = SessionListView.swift; sourceTree = "<group>"; };
		B10012 /* SettingsView.swift */ = {isa = PBXFileReference; lastKnownFileType = sourcecode.swift; path = SettingsView.swift; sourceTree = "<group>"; };
		B10013 /* SSHConfigParser.swift */ = {isa = PBXFileReference; lastKnownFileType = sourcecode.swift; path = SSHConfigParser.swift; sourceTree = "<group>"; };
		B10014 /* SSHService.swift */ = {isa = PBXFileReference; lastKnownFileType = sourcecode.swift; path = SSHService.swift; sourceTree = "<group>"; };
		B10015 /* SessionService.swift */ = {isa = PBXFileReference; lastKnownFileType = sourcecode.swift; path = SessionService.swift; sourceTree = "<group>"; };
		B10016 /* RemoteInfoService.swift */ = {isa = PBXFileReference; lastKnownFileType = sourcecode.swift; path = RemoteInfoService.swift; sourceTree = "<group>"; };
		B10017 /* GhosttyService.swift */ = {isa = PBXFileReference; lastKnownFileType = sourcecode.swift; path = GhosttyService.swift; sourceTree = "<group>"; };
		B10018 /* ShellCommand.swift */ = {isa = PBXFileReference; lastKnownFileType = sourcecode.swift; path = ShellCommand.swift; sourceTree = "<group>"; };
		B10019 /* BatteryMonitor.swift */ = {isa = PBXFileReference; lastKnownFileType = sourcecode.swift; path = BatteryMonitor.swift; sourceTree = "<group>"; };
		B10020 /* Ghostly.entitlements */ = {isa = PBXFileReference; lastKnownFileType = text.plist.entitlements; path = Ghostly.entitlements; sourceTree = "<group>"; };
		B10021 /* TerminalTypes.swift */ = {isa = PBXFileReference; lastKnownFileType = sourcecode.swift; path = TerminalTypes.swift; sourceTree = "<group>"; };
		B10023 /* AppLog.swift */ = {isa = PBXFileReference; lastKnownFileType = sourcecode.swift; path = AppLog.swift; sourceTree = "<group>"; };
		B10024 /* ConsoleView.swift */ = {isa = PBXFileReference; lastKnownFileType = sourcecode.swift; path = ConsoleView.swift; sourceTree = "<group>"; };
		B10025 /* HostInfoView.swift */ = {isa = PBXFileReference; lastKnownFileType = sourcecode.swift; path = HostInfoView.swift; sourceTree = "<group>"; };
		B10022 /* Assets.xcassets */ = {isa = PBXFileReference; lastKnownFileType = folder.assetcatalog; path = Assets.xcassets; sourceTree = "<group>"; };
		B10030 /* main.swift */ = {isa = PBXFileReference; lastKnownFileType = sourcecode.swift; path = main.swift; sourceTree = "<group>"; };
		B10031 /* IPCClient.swift */ = {isa = PBXFileReference; lastKnownFileType = sourcecode.swift; path = IPCClient.swift; sourceTree = "<group>"; };
		C10001 /* Ghostly.app */ = {isa = PBXFileReference; explicitFileType = wrapper.application; includeInIndex = 0; path = Ghostly.app; sourceTree = BUILT_PRODUCTS_DIR; };
		C10002 /* ghostly-cli */ = {isa = PBXFileReference; explicitFileType = "compiled.mach-o.executable"; includeInIndex = 0; path = "ghostly-cli"; sourceTree = BUILT_PRODUCTS_DIR; };
/* End PBXFileReference section */

/* Begin PBXFrameworksBuildPhase section */
		D10001 /* Frameworks */ = {
			isa = PBXFrameworksBuildPhase;
			buildActionMask = 2147483647;
			files = (
			);
			runOnlyForDeploymentPostprocessing = 0;
		};
		D10002 /* Frameworks */ = {
			isa = PBXFrameworksBuildPhase;
			buildActionMask = 2147483647;
			files = (
			);
			runOnlyForDeploymentPostprocessing = 0;
		};
/* End PBXFrameworksBuildPhase section */

/* Begin PBXGroup section */
		E10001 = {
			isa = PBXGroup;
			children = (
				E10002 /* Ghostly */,
				E10010 /* ghostly-cli */,
				B10020 /* Ghostly.entitlements */,
				E10099 /* Products */,
			);
			sourceTree = "<group>";
		};
		E10002 /* Ghostly */ = {
			isa = PBXGroup;
			children = (
				B10001 /* GhostlyApp.swift */,
				B10022 /* Assets.xcassets */,
				E10003 /* Models */,
				E10004 /* ViewModels */,
				E10005 /* Views */,
				E10006 /* Services */,
				E10007 /* Helpers */,
			);
			path = Ghostly;
			sourceTree = "<group>";
		};
		E10003 /* Models */ = {
			isa = PBXGroup;
			children = (
				B10002 /* SSHHost.swift */,
				B10003 /* ConnectionStatus.swift */,
				B10004 /* Session.swift */,
				B10005 /* RemoteInfo.swift */,
				B10021 /* TerminalTypes.swift */,
			);
			path = Models;
			sourceTree = "<group>";
		};
		E10004 /* ViewModels */ = {
			isa = PBXGroup;
			children = (
				B10006 /* ConnectionManager.swift */,
				B10007 /* NetworkMonitor.swift */,
			);
			path = ViewModels;
			sourceTree = "<group>";
		};
		E10005 /* Views */ = {
			isa = PBXGroup;
			children = (
				B10008 /* MenuBarView.swift */,
				B10009 /* HostRowView.swift */,
				B10010 /* HostGroupView.swift */,
				B10011 /* SessionListView.swift */,
				B10012 /* SettingsView.swift */,
				B10024 /* ConsoleView.swift */,
				B10025 /* HostInfoView.swift */,
			);
			path = Views;
			sourceTree = "<group>";
		};
		E10006 /* Services */ = {
			isa = PBXGroup;
			children = (
				B10013 /* SSHConfigParser.swift */,
				B10014 /* SSHService.swift */,
				B10015 /* SessionService.swift */,
				B10016 /* RemoteInfoService.swift */,
				B10017 /* GhosttyService.swift */,
			);
			path = Services;
			sourceTree = "<group>";
		};
		E10007 /* Helpers */ = {
			isa = PBXGroup;
			children = (
				B10018 /* ShellCommand.swift */,
				B10019 /* BatteryMonitor.swift */,
				B10023 /* AppLog.swift */,
			);
			path = Helpers;
			sourceTree = "<group>";
		};
		E10010 /* ghostly-cli */ = {
			isa = PBXGroup;
			children = (
				B10030 /* main.swift */,
				B10031 /* IPCClient.swift */,
			);
			path = "ghostly-cli";
			sourceTree = "<group>";
		};
		E10099 /* Products */ = {
			isa = PBXGroup;
			children = (
				C10001 /* Ghostly.app */,
				C10002 /* ghostly-cli */,
			);
			name = Products;
			sourceTree = "<group>";
		};
/* End PBXGroup section */

/* Begin PBXResourcesBuildPhase section */
		R10001 /* Resources */ = {
			isa = PBXResourcesBuildPhase;
			buildActionMask = 2147483647;
			files = (
				A10022 /* Assets.xcassets in Resources */,
			);
			runOnlyForDeploymentPostprocessing = 0;
		};
/* End PBXResourcesBuildPhase section */

/* Begin PBXNativeTarget section */
		F10001 /* Ghostly */ = {
			isa = PBXNativeTarget;
			buildConfigurationList = G10001;
			buildPhases = (
				H10001 /* Sources */,
				D10001 /* Frameworks */,
				R10001 /* Resources */,
			);
			buildRules = (
			);
			dependencies = (
			);
			name = Ghostly;
			productName = Ghostly;
			productReference = C10001 /* Ghostly.app */;
			productType = "com.apple.product-type.application";
		};
		F10002 /* ghostly-cli */ = {
			isa = PBXNativeTarget;
			buildConfigurationList = G10002;
			buildPhases = (
				H10002 /* Sources */,
				D10002 /* Frameworks */,
			);
			buildRules = (
			);
			dependencies = (
			);
			name = "ghostly-cli";
			productName = "ghostly-cli";
			productReference = C10002 /* ghostly-cli */;
			productType = "com.apple.product-type.tool";
		};
/* End PBXNativeTarget section */

/* Begin PBXProject section */
		P10001 /* Project object */ = {
			isa = PBXProject;
			attributes = {
				BuildIndependentTargetsInParallel = 1;
				LastSwiftUpdateCheck = 1500;
				LastUpgradeCheck = 1500;
			};
			buildConfigurationList = G10003;
			compatibilityVersion = "Xcode 14.0";
			developmentRegion = en;
			hasScannedForEncodings = 0;
			knownRegions = (
				en,
				Base,
			);
			mainGroup = E10001;
			productRefGroup = E10099 /* Products */;
			projectDirPath = "";
			projectRoot = "";
			targets = (
				F10001 /* Ghostly */,
				F10002 /* ghostly-cli */,
			);
		};
/* End PBXProject section */

/* Begin PBXSourcesBuildPhase section */
		H10001 /* Sources */ = {
			isa = PBXSourcesBuildPhase;
			buildActionMask = 2147483647;
			files = (
				A10001 /* GhostlyApp.swift in Sources */,
				A10002 /* SSHHost.swift in Sources */,
				A10003 /* ConnectionStatus.swift in Sources */,
				A10004 /* Session.swift in Sources */,
				A10005 /* RemoteInfo.swift in Sources */,
				A10006 /* ConnectionManager.swift in Sources */,
				A10007 /* NetworkMonitor.swift in Sources */,
				A10008 /* MenuBarView.swift in Sources */,
				A10009 /* HostRowView.swift in Sources */,
				A10010 /* HostGroupView.swift in Sources */,
				A10011 /* SessionListView.swift in Sources */,
				A10012 /* SettingsView.swift in Sources */,
				A10013 /* SSHConfigParser.swift in Sources */,
				A10014 /* SSHService.swift in Sources */,
				A10015 /* SessionService.swift in Sources */,
				A10016 /* RemoteInfoService.swift in Sources */,
				A10017 /* GhosttyService.swift in Sources */,
				A10018 /* ShellCommand.swift in Sources */,
				A10019 /* BatteryMonitor.swift in Sources */,
				A10020 /* TerminalTypes.swift in Sources */,
				A10023 /* AppLog.swift in Sources */,
				A10024 /* ConsoleView.swift in Sources */,
				A10025 /* HostInfoView.swift in Sources */,
			);
			runOnlyForDeploymentPostprocessing = 0;
		};
		H10002 /* Sources */ = {
			isa = PBXSourcesBuildPhase;
			buildActionMask = 2147483647;
			files = (
				A10030 /* main.swift in Sources */,
				A10031 /* IPCClient.swift in Sources */,
			);
			runOnlyForDeploymentPostprocessing = 0;
		};
/* End PBXSourcesBuildPhase section */

/* Begin XCBuildConfiguration section */
		J10001 /* Debug */ = {
			isa = XCBuildConfiguration;
			buildSettings = {
				ALWAYS_SEARCH_USER_PATHS = NO;
				CLANG_ANALYZER_NONNULL = YES;
				CLANG_CXX_LANGUAGE_STANDARD = "gnu++20";
				CLANG_ENABLE_MODULES = YES;
				CLANG_ENABLE_OBJC_ARC = YES;
				COPY_PHASE_STRIP = NO;
				DEBUG_INFORMATION_FORMAT = dwarf;
				ENABLE_STRICT_OBJC_MSGSEND = YES;
				ENABLE_TESTABILITY = YES;
				GCC_DYNAMIC_NO_PIC = NO;
				GCC_OPTIMIZATION_LEVEL = 0;
				GCC_PREPROCESSOR_DEFINITIONS = (
					"DEBUG=1",
					"$(inherited)",
				);
				GCC_WARN_64_TO_32_BIT_CONVERSION = YES;
				GCC_WARN_ABOUT_RETURN_TYPE = YES_ERROR;
				GCC_WARN_UNDECLARED_SELECTOR = YES;
				GCC_WARN_UNINITIALIZED_AUTOS = YES_AGGRESSIVE;
				GCC_WARN_UNUSED_FUNCTION = YES;
				GCC_WARN_UNUSED_VARIABLE = YES;
				MACOSX_DEPLOYMENT_TARGET = 14.0;
				MTL_ENABLE_DEBUG_INFO = INCLUDE_SOURCE;
				ONLY_ACTIVE_ARCH = YES;
				SDKROOT = macosx;
				SWIFT_ACTIVE_COMPILATION_CONDITIONS = DEBUG;
				SWIFT_OPTIMIZATION_LEVEL = "-Onone";
				SWIFT_VERSION = 5.9;
			};
			name = Debug;
		};
		J10002 /* Release */ = {
			isa = XCBuildConfiguration;
			buildSettings = {
				ALWAYS_SEARCH_USER_PATHS = NO;
				CLANG_ANALYZER_NONNULL = YES;
				CLANG_CXX_LANGUAGE_STANDARD = "gnu++20";
				CLANG_ENABLE_MODULES = YES;
				CLANG_ENABLE_OBJC_ARC = YES;
				COPY_PHASE_STRIP = NO;
				DEBUG_INFORMATION_FORMAT = "dwarf-with-dsym";
				ENABLE_NS_ASSERTIONS = NO;
				ENABLE_STRICT_OBJC_MSGSEND = YES;
				GCC_WARN_64_TO_32_BIT_CONVERSION = YES;
				GCC_WARN_ABOUT_RETURN_TYPE = YES_ERROR;
				GCC_WARN_UNDECLARED_SELECTOR = YES;
				GCC_WARN_UNINITIALIZED_AUTOS = YES_AGGRESSIVE;
				GCC_WARN_UNUSED_FUNCTION = YES;
				GCC_WARN_UNUSED_VARIABLE = YES;
				MACOSX_DEPLOYMENT_TARGET = 14.0;
				SDKROOT = macosx;
				SWIFT_COMPILATION_MODE = wholemodule;
				SWIFT_OPTIMIZATION_LEVEL = "-O";
				SWIFT_VERSION = 5.9;
			};
			name = Release;
		};
		J10003 /* Debug */ = {
			isa = XCBuildConfiguration;
			buildSettings = {
				ASSETCATALOG_COMPILER_APPICON_NAME = AppIcon;
				CODE_SIGN_ENTITLEMENTS = Ghostly.entitlements;
				CODE_SIGN_STYLE = Automatic;
				COMBINE_HIDPI_IMAGES = YES;
				CURRENT_PROJECT_VERSION = 3;
				GENERATE_INFOPLIST_FILE = YES;
				INFOPLIST_KEY_LSApplicationCategoryType = "public.app-category.utilities";
				INFOPLIST_KEY_LSUIElement = YES;
				INFOPLIST_KEY_NSHumanReadableCopyright = "";
				MARKETING_VERSION = 1.2.0;
				PRODUCT_BUNDLE_IDENTIFIER = com.ghostly.app;
				PRODUCT_NAME = "$(TARGET_NAME)";
				SWIFT_EMIT_LOC_STRINGS = YES;
				SWIFT_VERSION = 5.9;
			};
			name = Debug;
		};
		J10004 /* Release */ = {
			isa = XCBuildConfiguration;
			buildSettings = {
				ASSETCATALOG_COMPILER_APPICON_NAME = AppIcon;
				CODE_SIGN_ENTITLEMENTS = Ghostly.entitlements;
				CODE_SIGN_STYLE = Automatic;
				COMBINE_HIDPI_IMAGES = YES;
				CURRENT_PROJECT_VERSION = 3;
				GENERATE_INFOPLIST_FILE = YES;
				INFOPLIST_KEY_LSApplicationCategoryType = "public.app-category.utilities";
				INFOPLIST_KEY_LSUIElement = YES;
				INFOPLIST_KEY_NSHumanReadableCopyright = "";
				MARKETING_VERSION = 1.2.0;
				PRODUCT_BUNDLE_IDENTIFIER = com.ghostly.app;
				PRODUCT_NAME = "$(TARGET_NAME)";
				SWIFT_EMIT_LOC_STRINGS = YES;
				SWIFT_VERSION = 5.9;
			};
			name = Release;
		};
		J10005 /* Debug */ = {
			isa = XCBuildConfiguration;
			buildSettings = {
				CODE_SIGN_STYLE = Automatic;
				PRODUCT_NAME = "$(TARGET_NAME)";
				SWIFT_VERSION = 5.9;
			};
			name = Debug;
		};
		J10006 /* Release */ = {
			isa = XCBuildConfiguration;
			buildSettings = {
				CODE_SIGN_STYLE = Automatic;
				PRODUCT_NAME = "$(TARGET_NAME)";
				SWIFT_VERSION = 5.9;
			};
			name = Release;
		};
/* End XCBuildConfiguration section */

/* Begin XCConfigurationList section */
		G10001 /* Build configuration list for PBXNativeTarget "Ghostly" */ = {
			isa = XCConfigurationList;
			buildConfigurations = (
				J10003 /* Debug */,
				J10004 /* Release */,
			);
			defaultConfigurationIsVisible = 0;
			defaultConfigurationName = Release;
		};
		G10002 /* Build configuration list for PBXNativeTarget "ghostly-cli" */ = {
			isa = XCConfigurationList;
			buildConfigurations = (
				J10005 /* Debug */,
				J10006 /* Release */,
			);
			defaultConfigurationIsVisible = 0;
			defaultConfigurationName = Release;
		};
		G10003 /* Build configuration list for PBXProject "Ghostly" */ = {
			isa = XCConfigurationList;
			buildConfigurations = (
				J10001 /* Debug */,
				J10002 /* Release */,
			);
			defaultConfigurationIsVisible = 0;
			defaultConfigurationName = Release;
		};
/* End XCConfigurationList section */

	};
	rootObject = P10001 /* Project object */;
}
